
Microsoft Visual Studio Solution File, Format Version 12.00
# Visual Studio Version 17
VisualStudioVersion = 17.2.32602.215
MinimumVisualStudioVersion = 10.0.40219.1
Project("{FAE04EC0-301F-11D3-BF4B-00C04F79EFBC}") = "cube-assignment", "cube-assignment\cube-assignment.csproj", "{C0A01FD8-F8FA-4DC3-9298-3E16360D92DA}"
EndProject
Global
	GlobalSection(SolutionConfigurationPlatforms) = preSolution
		Debug|Any CPU = Debug|Any CPU
		Release|Any CPU = Release|Any CPU
	EndGlobalSection
	GlobalSection(ProjectConfigurationPlatforms) = postSolution
		{C0A01FD8-F8FA-4DC3-9298-3E16360D92DA}.Debug|Any CPU.ActiveCfg = Debug|Any CPU
		{C0A01FD8-F8FA-4DC3-9298-3E16360D92DA}.Debug|Any CPU.Build.0 = Debug|Any CPU
		{C0A01FD8-F8FA-4DC3-9298-3E16360D92DA}.Release|Any CPU.ActiveCfg = Release|Any CPU
		{C0A01FD8-F8FA-4DC3-9298-3E16360D92DA}.Release|Any CPU.Build.0 = Release|Any CPU
	EndGlobalSection
	GlobalSection(SolutionProperties) = preSolution
		HideSolutionNode = FALSE
	EndGlobalSection
	GlobalSection(ExtensibilityGlobals) = postSolution
		SolutionGuid = {9DCE0368-62E3-4F86-AA2C-F10607D90DFB}
	EndGlobalSection
EndGlobal
